{
  "pins" : [
    {
      "identity" : "mobile-ios-common",
      "kind" : "remoteSourceControl",
      "location" : "https://github.com/govuk-one-login/mobile-ios-common",
      "state" : {
        "branch" : "main",
        "revision" : "8e061fb2f655b0ad70e460f633f098b627fb5c6e"
      }
    },
    {
      "identity" : "mobile-ios-coordination",
      "kind" : "remoteSourceControl",
      "location" : "https://github.com/govuk-one-login/mobile-ios-coordination",
      "state" : {
        "branch" : "main",
        "revision" : "fe79f374afca54b7e1b5b0dde2d25ef61dae63b6"
      }
    }
  ],
  "version" : 2
}
