{
  "originHash" : "027993d5bec7481b73c46e3018900a2898e1f7c08b5df3489c0027c0f0cb0c62",
  "pins" : [
    {
      "identity" : "govuk-mobile-ios-ui-components",
      "kind" : "remoteSourceControl",
      "location" : "https://github.com/alphagov/govuk-mobile-ios-ui-components",
      "state" : {
        "branch" : "develop",
        "revision" : "852b71d13af689bfff69bd1a88847f6329ed4948"
      }
    }
  ],
  "version" : 3
}
